{
  "name": "demo-mweather-decode",
  "version": "1.0.0",
  "lockfileVersion": 2,
  "requires": true,
  "packages": {
    "": {
      "name": "demo-mweather-decode",
      "version": "1.0.0",
      "license": "ISC",
      "dependencies": {
        "simple-xml-to-json": "^1.1.7"
      }
    },
    "node_modules/simple-xml-to-json": {
      "version": "1.1.7",
      "resolved": "https://registry.npmjs.org/simple-xml-to-json/-/simple-xml-to-json-1.1.7.tgz",
      "integrity": "sha512-xFYl2KsrCssfpWSD1V8O++xiqxTw/MfEqZzDmb0kJQAMhbkDyuAMXJl4TeArUzAdpQHEsVtuTsoPhknNEWN6pA==",
      "engines": {
        "node": ">=10.18.0"
      }
    }
  },
  "dependencies": {
    "simple-xml-to-json": {
      "version": "1.1.7",
      "resolved": "https://registry.npmjs.org/simple-xml-to-json/-/simple-xml-to-json-1.1.7.tgz",
      "integrity": "sha512-xFYl2KsrCssfpWSD1V8O++xiqxTw/MfEqZzDmb0kJQAMhbkDyuAMXJl4TeArUzAdpQHEsVtuTsoPhknNEWN6pA=="
    }
  }
}
